
Microsoft Visual Studio Solution File, Format Version 12.00
# Visual Studio Version 17
VisualStudioVersion = 17.11.35327.3
MinimumVisualStudioVersion = 10.0.40219.1
Project("{9A19103F-16F7-4668-BE54-9A1E7A4F7556}") = "PracticeCSharp2025", "PracticeCSharp2025\PracticeCSharp2025.csproj", "{699A224C-8359-4AF9-BC4A-2F1D963F66B8}"
EndProject
Project("{FAE04EC0-301F-11D3-BF4B-00C04F79EFBC}") = "PracticeCSharp2025.Test", "PracticeCSharp2025.Test\PracticeCSharp2025.Test.csproj", "{7FBB8224-B553-403D-A9BF-92042A014BED}"
EndProject
Global
	GlobalSection(SolutionConfigurationPlatforms) = preSolution
		Debug|Any CPU = Debug|Any CPU
		Release|Any CPU = Release|Any CPU
	EndGlobalSection
	GlobalSection(ProjectConfigurationPlatforms) = postSolution
		{699A224C-8359-4AF9-BC4A-2F1D963F66B8}.Debug|Any CPU.ActiveCfg = Debug|Any CPU
		{699A224C-8359-4AF9-BC4A-2F1D963F66B8}.Debug|Any CPU.Build.0 = Debug|Any CPU
		{699A224C-8359-4AF9-BC4A-2F1D963F66B8}.Release|Any CPU.ActiveCfg = Release|Any CPU
		{699A224C-8359-4AF9-BC4A-2F1D963F66B8}.Release|Any CPU.Build.0 = Release|Any CPU
		{7FBB8224-B553-403D-A9BF-92042A014BED}.Debug|Any CPU.ActiveCfg = Debug|Any CPU
		{7FBB8224-B553-403D-A9BF-92042A014BED}.Debug|Any CPU.Build.0 = Debug|Any CPU
		{7FBB8224-B553-403D-A9BF-92042A014BED}.Release|Any CPU.ActiveCfg = Release|Any CPU
		{7FBB8224-B553-403D-A9BF-92042A014BED}.Release|Any CPU.Build.0 = Release|Any CPU
	EndGlobalSection
	GlobalSection(SolutionProperties) = preSolution
		HideSolutionNode = FALSE
	EndGlobalSection
	GlobalSection(ExtensibilityGlobals) = postSolution
		SolutionGuid = {03AA25D9-682B-4E19-87A9-3ACC3EDD772C}
	EndGlobalSection
EndGlobal
